#MicroXplorer Configuration settings - do not modify
ARM.CMSIS.5.3.0.CMSIS_ARM.apiComponent0=Device\:IRQ Controller
ARM.CMSIS.5.3.0.CMSIS_ARM.apiComponent1=Device\:OS Tick
ARM.CMSIS.5.3.0.CMSIS_ARM.apiComponent10=CMSIS Driver\:SAI
ARM.CMSIS.5.3.0.CMSIS_ARM.apiComponent11=CMSIS Driver\:I2C
ARM.CMSIS.5.3.0.CMSIS_ARM.apiComponent12=CMSIS Driver\:I2C
ARM.CMSIS.5.3.0.CMSIS_ARM.apiComponent13=CMSIS Driver\:CAN
ARM.CMSIS.5.3.0.CMSIS_ARM.apiComponent14=CMSIS Driver\:CAN
ARM.CMSIS.5.3.0.CMSIS_ARM.apiComponent15=CMSIS Driver\:Flash
ARM.CMSIS.5.3.0.CMSIS_ARM.apiComponent16=CMSIS Driver\:Flash
ARM.CMSIS.5.3.0.CMSIS_ARM.apiComponent17=CMSIS Driver\:MCI
ARM.CMSIS.5.3.0.CMSIS_ARM.apiComponent18=CMSIS Driver\:MCI
ARM.CMSIS.5.3.0.CMSIS_ARM.apiComponent19=CMSIS Driver\:NAND
ARM.CMSIS.5.3.0.CMSIS_ARM.apiComponent2=CMSIS\:RTOS
ARM.CMSIS.5.3.0.CMSIS_ARM.apiComponent20=CMSIS Driver\:NAND
ARM.CMSIS.5.3.0.CMSIS_ARM.apiComponent21=CMSIS Driver\:Ethernet
ARM.CMSIS.5.3.0.CMSIS_ARM.apiComponent22=CMSIS Driver\:Ethernet
ARM.CMSIS.5.3.0.CMSIS_ARM.apiComponent23=CMSIS Driver\:Ethernet
ARM.CMSIS.5.3.0.CMSIS_ARM.apiComponent24=CMSIS Driver\:Ethernet MAC
ARM.CMSIS.5.3.0.CMSIS_ARM.apiComponent25=CMSIS Driver\:Ethernet MAC
ARM.CMSIS.5.3.0.CMSIS_ARM.apiComponent26=CMSIS Driver\:Ethernet PHY
ARM.CMSIS.5.3.0.CMSIS_ARM.apiComponent27=CMSIS Driver\:Ethernet PHY
ARM.CMSIS.5.3.0.CMSIS_ARM.apiComponent28=CMSIS Driver\:USB Device
ARM.CMSIS.5.3.0.CMSIS_ARM.apiComponent29=CMSIS Driver\:USB Device
ARM.CMSIS.5.3.0.CMSIS_ARM.apiComponent3=CMSIS\:RTOS2
ARM.CMSIS.5.3.0.CMSIS_ARM.apiComponent30=CMSIS Driver\:USB Host
ARM.CMSIS.5.3.0.CMSIS_ARM.apiComponent31=CMSIS Driver\:USB Host
ARM.CMSIS.5.3.0.CMSIS_ARM.apiComponent4=CMSIS\:RTOS2
ARM.CMSIS.5.3.0.CMSIS_ARM.apiComponent5=CMSIS Driver\:USART
ARM.CMSIS.5.3.0.CMSIS_ARM.apiComponent6=CMSIS Driver\:USART
ARM.CMSIS.5.3.0.CMSIS_ARM.apiComponent7=CMSIS Driver\:SPI
ARM.CMSIS.5.3.0.CMSIS_ARM.apiComponent8=CMSIS Driver\:SPI
ARM.CMSIS.5.3.0.CMSIS_ARM.apiComponent9=CMSIS Driver\:SAI
ARM.CMSIS.5.3.0.CMSIS_ARM.apiDoc0=CMSIS/Core_A/Include/irq_ctrl.h
ARM.CMSIS.5.3.0.CMSIS_ARM.apiDoc1=CMSIS/RTOS2/Include/os_tick.h
ARM.CMSIS.5.3.0.CMSIS_ARM.apiDoc10=CMSIS/Driver/Include/Driver_SAI.h
ARM.CMSIS.5.3.0.CMSIS_ARM.apiDoc11=CMSIS/Documentation/Driver/html/group__i2c__interface__gr.html
ARM.CMSIS.5.3.0.CMSIS_ARM.apiDoc12=CMSIS/Driver/Include/Driver_I2C.h
ARM.CMSIS.5.3.0.CMSIS_ARM.apiDoc13=CMSIS/Documentation/Driver/html/group__can__interface__gr.html
ARM.CMSIS.5.3.0.CMSIS_ARM.apiDoc14=CMSIS/Driver/Include/Driver_CAN.h
ARM.CMSIS.5.3.0.CMSIS_ARM.apiDoc15=CMSIS/Documentation/Driver/html/group__flash__interface__gr.html
ARM.CMSIS.5.3.0.CMSIS_ARM.apiDoc16=CMSIS/Driver/Include/Driver_Flash.h
ARM.CMSIS.5.3.0.CMSIS_ARM.apiDoc17=CMSIS/Documentation/Driver/html/group__mci__interface__gr.html
ARM.CMSIS.5.3.0.CMSIS_ARM.apiDoc18=CMSIS/Driver/Include/Driver_MCI.h
ARM.CMSIS.5.3.0.CMSIS_ARM.apiDoc19=CMSIS/Documentation/Driver/html/group__nand__interface__gr.html
ARM.CMSIS.5.3.0.CMSIS_ARM.apiDoc2=CMSIS/Documentation/RTOS/html/index.html
ARM.CMSIS.5.3.0.CMSIS_ARM.apiDoc20=CMSIS/Driver/Include/Driver_NAND.h
ARM.CMSIS.5.3.0.CMSIS_ARM.apiDoc21=CMSIS/Documentation/Driver/html/group__eth__interface__gr.html
ARM.CMSIS.5.3.0.CMSIS_ARM.apiDoc22=CMSIS/Driver/Include/Driver_ETH_MAC.h
ARM.CMSIS.5.3.0.CMSIS_ARM.apiDoc23=CMSIS/Driver/Include/Driver_ETH_PHY.h
ARM.CMSIS.5.3.0.CMSIS_ARM.apiDoc24=CMSIS/Documentation/Driver/html/group__eth__mac__interface__gr.html
ARM.CMSIS.5.3.0.CMSIS_ARM.apiDoc25=CMSIS/Driver/Include/Driver_ETH_MAC.h
ARM.CMSIS.5.3.0.CMSIS_ARM.apiDoc26=CMSIS/Documentation/Driver/html/group__eth__phy__interface__gr.html
ARM.CMSIS.5.3.0.CMSIS_ARM.apiDoc27=CMSIS/Driver/Include/Driver_ETH_PHY.h
ARM.CMSIS.5.3.0.CMSIS_ARM.apiDoc28=CMSIS/Documentation/Driver/html/group__usbd__interface__gr.html
ARM.CMSIS.5.3.0.CMSIS_ARM.apiDoc29=CMSIS/Driver/Include/Driver_USBD.h
ARM.CMSIS.5.3.0.CMSIS_ARM.apiDoc3=CMSIS/Documentation/RTOS2/html/index.html
ARM.CMSIS.5.3.0.CMSIS_ARM.apiDoc30=CMSIS/Documentation/Driver/html/group__usbh__interface__gr.html
ARM.CMSIS.5.3.0.CMSIS_ARM.apiDoc31=CMSIS/Driver/Include/Driver_USBH.h
ARM.CMSIS.5.3.0.CMSIS_ARM.apiDoc4=CMSIS/RTOS2/Include/cmsis_os2.h
ARM.CMSIS.5.3.0.CMSIS_ARM.apiDoc5=CMSIS/Documentation/Driver/html/group__usart__interface__gr.html
ARM.CMSIS.5.3.0.CMSIS_ARM.apiDoc6=CMSIS/Driver/Include/Driver_USART.h
ARM.CMSIS.5.3.0.CMSIS_ARM.apiDoc7=CMSIS/Documentation/Driver/html/group__spi__interface__gr.html
ARM.CMSIS.5.3.0.CMSIS_ARM.apiDoc8=CMSIS/Driver/Include/Driver_SPI.h
ARM.CMSIS.5.3.0.CMSIS_ARM.apiDoc9=CMSIS/Documentation/Driver/html/group__sai__interface__gr.html
ARM.CMSIS.5.3.0.CMSIS_ARM.cmp_version0=5.1.1
ARM.CMSIS.5.3.0.CMSIS_ARM.cmp_version1=1.5.2
ARM.CMSIS.5.3.0.CMSIS_ARM.component0=CMSIS
ARM.CMSIS.5.3.0.CMSIS_ARM.component1=CMSIS
ARM.CMSIS.5.3.0.CMSIS_ARM.componentDoc0=CMSIS/Documentation/Core/html/index.html
ARM.CMSIS.5.3.0.CMSIS_ARM.componentDoc1=CMSIS/Documentation/DSP/html/index.html
ARM.CMSIS.5.3.0.CMSIS_ARM.description0=CMSIS-CORE for Cortex-M, SC000, SC300, ARMv8-M
ARM.CMSIS.5.3.0.CMSIS_ARM.description1=CMSIS-DSP Library for Cortex-M, SC000, and SC300
ARM.CMSIS.5.3.0.CMSIS_ARM.diagnostic0=This component should operate correctly.
ARM.CMSIS.5.3.0.CMSIS_ARM.diagnostic1=This component should operate correctly.
ARM.CMSIS.5.3.0.CMSIS_ARM.group0=CORE
ARM.CMSIS.5.3.0.CMSIS_ARM.group1=DSP
ARM.CMSIS.5.3.0.CMSIS_ARM.paramName0=CMSIS_CORE
ARM.CMSIS.5.3.0.CMSIS_ARM.paramName1=CMSIS_DSP
ARM.CMSIS.5.3.0.CMSIS_ARM.sevirity0=none
ARM.CMSIS.5.3.0.CMSIS_ARM.sevirity1=none
ARM.CMSIS.5.3.0.CMSIS_ARM_Checked=true
ARM.CMSIS.5.3.0.CMSIS_ARM_apiSize=32
ARM.CMSIS.5.3.0.CMSIS_ARM_class=CMSIS
ARM.CMSIS.5.3.0.CMSIS_ARM_name=CMSIS
ARM.CMSIS.5.3.0.CMSIS_ARM_size=2
ARM.CMSIS.5.3.0.CMSIS_ARM_vendor=ARM
ARM.CMSIS.5.3.0.CMSIS_ARM_version=5.3.0
ARM.CMSIS.5.3.0.CMSIS_CORE=true
ARM.CMSIS.5.3.0.CMSIS_DSP=true
ARM.CMSIS.5.3.0.IPParameters=CMSIS_CORE,CMSIS_DSP
ARM.CMSIS.5.3.0_CMSIS_ARM_RteComponentsize=0
ARM.CMSIS.5.3.0_Device_ARM_RteComponentsize=0
ARM.CMSIS.5.3.0_SwParameter=CMSIS_NNOoLib\:false;CMSIS_CORE\:true;CMSIS_RTOS2_KeilOoRTX5\:DISABLE;CMSIS_RTOS_KeilOoRTX\:false;CMSIS_DSP\:true;CMSIS_RTOS_KeilOoRTX5\:false;
ARM.CMSIS.5.3.0_description=CMSIS (Cortex Microcontroller Software Interface Standard)
ARM.CMSIS.5.3.0_license=
File.Version=6
KeepUserPlacement=false
Mcu.Family=STM32F4
Mcu.IP0=NVIC
Mcu.IP1=RCC
Mcu.IP2=SYS
Mcu.IPNb=3
Mcu.Name=STM32F407V(E-G)Tx
Mcu.Package=LQFP100
Mcu.Pin0=VP_SYS_VS_Systick
Mcu.Pin1=VP_ARM.CMSIS_VS_CMSIS_ARM_5.3.0
Mcu.PinsNb=2
Mcu.ThirdParty0=ARM.CMSIS.5.3.0
Mcu.ThirdPartyNb=1
Mcu.UserConstants=
Mcu.UserName=STM32F407VGTx
MxCube.Version=4.25.1
MxDb.Version=DB.4.0.251
NVIC.BusFault_IRQn=true\:0\:0\:false\:false\:true\:false
NVIC.DebugMonitor_IRQn=true\:0\:0\:false\:false\:true\:false
NVIC.HardFault_IRQn=true\:0\:0\:false\:false\:true\:false
NVIC.MemoryManagement_IRQn=true\:0\:0\:false\:false\:true\:false
NVIC.NonMaskableInt_IRQn=true\:0\:0\:false\:false\:true\:false
NVIC.PendSV_IRQn=true\:0\:0\:false\:false\:true\:false
NVIC.PriorityGroup=NVIC_PRIORITYGROUP_4
NVIC.SVCall_IRQn=true\:0\:0\:false\:false\:true\:false
NVIC.SysTick_IRQn=true\:0\:0\:false\:false\:true\:false
NVIC.UsageFault_IRQn=true\:0\:0\:false\:false\:true\:false
PCC.Checker=false
PCC.Line=STM32F407/417
PCC.MCU=STM32F407V(E-G)Tx
PCC.PartNumber=STM32F407VGTx
PCC.Seq0=0
PCC.Series=STM32F4
PCC.Temperature=25
PCC.Vdd=3.3
PinOutPanel.RotationAngle=0
RCC.AHBFreq_Value=16000000
RCC.APB1Freq_Value=16000000
RCC.APB2Freq_Value=16000000
RCC.CortexFreq_Value=16000000
RCC.FamilyName=M
RCC.HSE_VALUE=25000000
RCC.HSI_VALUE=16000000
RCC.I2SClocksFreq_Value=96000000
RCC.IPParameters=AHBFreq_Value,APB1Freq_Value,APB2Freq_Value,CortexFreq_Value,FamilyName,HSE_VALUE,HSI_VALUE,I2SClocksFreq_Value,LSE_VALUE,LSI_VALUE,PLLCLKFreq_Value,PLLQCLKFreq_Value,RTCFreq_Value,RTCHSEDivFreq_Value,SYSCLKFreq_VALUE,VCOI2SOutputFreq_Value,VCOInputFreq_Value,VCOOutputFreq_Value,VcooutputI2S
RCC.LSE_VALUE=32768
RCC.LSI_VALUE=32000
RCC.PLLCLKFreq_Value=96000000
RCC.PLLQCLKFreq_Value=48000000
RCC.RTCFreq_Value=32000
RCC.RTCHSEDivFreq_Value=12500000
RCC.SYSCLKFreq_VALUE=16000000
RCC.VCOI2SOutputFreq_Value=192000000
RCC.VCOInputFreq_Value=1000000
RCC.VCOOutputFreq_Value=192000000
RCC.VcooutputI2S=96000000
VP_ARM.CMSIS_VS_CMSIS_ARM_5.3.0.Mode=CMSIS_ARM
VP_ARM.CMSIS_VS_CMSIS_ARM_5.3.0.Signal=ARM.CMSIS_VS_CMSIS_ARM_5.3.0
VP_SYS_VS_Systick.Mode=SysTick
VP_SYS_VS_Systick.Signal=SYS_VS_Systick
